// !$*UTF8*$!
{
	archiveVersion = 1;
	classes = {
	};
	objectVersion = 50;
	objects = {

/* Begin PBXBuildFile section */
		006D20AC590CBDDD502F7689 /* Pods_SharedTaxiTests.framework in Frameworks */ = {isa = PBXBuildFile; fileRef = 042339C80C382AC241BA1823 /* Pods_SharedTaxiTests.framework */; };
		32FEDB3C22E5833400462E12 /* AppDelegate.swift in Sources */ = {isa = PBXBuildFile; fileRef = 32FEDB3B22E5833400462E12 /* AppDelegate.swift */; };
		32FEDB3E22E5833400462E12 /* ViewController.swift in Sources */ = {isa = PBXBuildFile; fileRef = 32FEDB3D22E5833400462E12 /* ViewController.swift */; };
		32FEDB4122E5833400462E12 /* Main.storyboard in Resources */ = {isa = PBXBuildFile; fileRef = 32FEDB3F22E5833400462E12 /* Main.storyboard */; };
		32FEDB4322E5833800462E12 /* Assets.xcassets in Resources */ = {isa = PBXBuildFile; fileRef = 32FEDB4222E5833800462E12 /* Assets.xcassets */; };
		32FEDB4622E5833800462E12 /* LaunchScreen.storyboard in Resources */ = {isa = PBXBuildFile; fileRef = 32FEDB4422E5833800462E12 /* LaunchScreen.storyboard */; };
		32FEDB5122E5833900462E12 /* SharedTaxiTests.swift in Sources */ = {isa = PBXBuildFile; fileRef = 32FEDB5022E5833900462E12 /* SharedTaxiTests.swift */; };
		32FEDB5C22E5833900462E12 /* SharedTaxiUITests.swift in Sources */ = {isa = PBXBuildFile; fileRef = 32FEDB5B22E5833900462E12 /* SharedTaxiUITests.swift */; };
		32FEDB6A22E585A800462E12 /* HomeVC.storyboard in Resources */ = {isa = PBXBuildFile; fileRef = 32FEDB6922E585A800462E12 /* HomeVC.storyboard */; };
		32FEDB6E22E5860300462E12 /* HomeVC.swift in Sources */ = {isa = PBXBuildFile; fileRef = 32FEDB6D22E5860300462E12 /* HomeVC.swift */; };
		32FEDB7022E5866800462E12 /* SettingVC.storyboard in Resources */ = {isa = PBXBuildFile; fileRef = 32FEDB6F22E5866800462E12 /* SettingVC.storyboard */; };
		32FEDB7222E5867C00462E12 /* SettingVC.swift in Sources */ = {isa = PBXBuildFile; fileRef = 32FEDB7122E5867C00462E12 /* SettingVC.swift */; };
		32FEDB7622E5A8CC00462E12 /* UIViewExtension.swift in Sources */ = {isa = PBXBuildFile; fileRef = 32FEDB7522E5A8CB00462E12 /* UIViewExtension.swift */; };
		32FEDB7A22E6098500462E12 /* RoomCVCell.swift in Sources */ = {isa = PBXBuildFile; fileRef = 32FEDB7822E6098500462E12 /* RoomCVCell.swift */; };
		32FEDB7B22E6098500462E12 /* RoomCVCell.xib in Resources */ = {isa = PBXBuildFile; fileRef = 32FEDB7922E6098500462E12 /* RoomCVCell.xib */; };
		32FEDB8122E7F2AA00462E12 /* GoogleService-Info.plist in Resources */ = {isa = PBXBuildFile; fileRef = 32FEDB8022E7F2A900462E12 /* GoogleService-Info.plist */; };
		77B66A6167291AE7B73C6F25 /* Pods_SharedTaxiUITests.framework in Frameworks */ = {isa = PBXBuildFile; fileRef = F1EDFF5ACA19F9333F6708FE /* Pods_SharedTaxiUITests.framework */; };
		D9D973C717834F9B37BF0B42 /* Pods_SharedTaxi.framework in Frameworks */ = {isa = PBXBuildFile; fileRef = 7BE50B7B17CB8C3D43A8B313 /* Pods_SharedTaxi.framework */; };
/* End PBXBuildFile section */

/* Begin PBXContainerItemProxy section */
		32FEDB4D22E5833900462E12 /* PBXContainerItemProxy */ = {
			isa = PBXContainerItemProxy;
			containerPortal = 32FEDB3022E5833400462E12 /* Project object */;
			proxyType = 1;
			remoteGlobalIDString = 32FEDB3722E5833400462E12;
			remoteInfo = SharedTaxi;
		};
		32FEDB5822E5833900462E12 /* PBXContainerItemProxy */ = {
			isa = PBXContainerItemProxy;
			containerPortal = 32FEDB3022E5833400462E12 /* Project object */;
			proxyType = 1;
			remoteGlobalIDString = 32FEDB3722E5833400462E12;
			remoteInfo = SharedTaxi;
		};
/* End PBXContainerItemProxy section */

/* Begin PBXFileReference section */
		042339C80C382AC241BA1823 /* Pods_SharedTaxiTests.framework */ = {isa = PBXFileReference; explicitFileType = wrapper.framework; includeInIndex = 0; path = Pods_SharedTaxiTests.framework; sourceTree = BUILT_PRODUCTS_DIR; };
		05706AA6E0A7D0D6C15F295D /* Pods-SharedTaxiUITests.debug.xcconfig */ = {isa = PBXFileReference; includeInIndex = 1; lastKnownFileType = text.xcconfig; name = "Pods-SharedTaxiUITests.debug.xcconfig"; path = "Target Support Files/Pods-SharedTaxiUITests/Pods-SharedTaxiUITests.debug.xcconfig"; sourceTree = "<group>"; };
		32FEDB3822E5833400462E12 /* SharedTaxi.app */ = {isa = PBXFileReference; explicitFileType = wrapper.application; includeInIndex = 0; path = SharedTaxi.app; sourceTree = BUILT_PRODUCTS_DIR; };
		32FEDB3B22E5833400462E12 /* AppDelegate.swift */ = {isa = PBXFileReference; lastKnownFileType = sourcecode.swift; path = AppDelegate.swift; sourceTree = "<group>"; };
		32FEDB3D22E5833400462E12 /* ViewController.swift */ = {isa = PBXFileReference; lastKnownFileType = sourcecode.swift; path = ViewController.swift; sourceTree = "<group>"; };
		32FEDB4022E5833400462E12 /* Base */ = {isa = PBXFileReference; lastKnownFileType = file.storyboard; name = Base; path = Base.lproj/Main.storyboard; sourceTree = "<group>"; };
		32FEDB4222E5833800462E12 /* Assets.xcassets */ = {isa = PBXFileReference; lastKnownFileType = folder.assetcatalog; path = Assets.xcassets; sourceTree = "<group>"; };
		32FEDB4522E5833800462E12 /* Base */ = {isa = PBXFileReference; lastKnownFileType = file.storyboard; name = Base; path = Base.lproj/LaunchScreen.storyboard; sourceTree = "<group>"; };
		32FEDB4722E5833800462E12 /* Info.plist */ = {isa = PBXFileReference; lastKnownFileType = text.plist.xml; path = Info.plist; sourceTree = "<group>"; };
		32FEDB4C22E5833900462E12 /* SharedTaxiTests.xctest */ = {isa = PBXFileReference; explicitFileType = wrapper.cfbundle; includeInIndex = 0; path = SharedTaxiTests.xctest; sourceTree = BUILT_PRODUCTS_DIR; };
		32FEDB5022E5833900462E12 /* SharedTaxiTests.swift */ = {isa = PBXFileReference; lastKnownFileType = sourcecode.swift; path = SharedTaxiTests.swift; sourceTree = "<group>"; };
		32FEDB5222E5833900462E12 /* Info.plist */ = {isa = PBXFileReference; lastKnownFileType = text.plist.xml; path = Info.plist; sourceTree = "<group>"; };
		32FEDB5722E5833900462E12 /* SharedTaxiUITests.xctest */ = {isa = PBXFileReference; explicitFileType = wrapper.cfbundle; includeInIndex = 0; path = SharedTaxiUITests.xctest; sourceTree = BUILT_PRODUCTS_DIR; };
		32FEDB5B22E5833900462E12 /* SharedTaxiUITests.swift */ = {isa = PBXFileReference; lastKnownFileType = sourcecode.swift; path = SharedTaxiUITests.swift; sourceTree = "<group>"; };
		32FEDB5D22E5833900462E12 /* Info.plist */ = {isa = PBXFileReference; lastKnownFileType = text.plist.xml; path = Info.plist; sourceTree = "<group>"; };
		32FEDB6922E585A800462E12 /* HomeVC.storyboard */ = {isa = PBXFileReference; lastKnownFileType = file.storyboard; path = HomeVC.storyboard; sourceTree = "<group>"; };
		32FEDB6D22E5860300462E12 /* HomeVC.swift */ = {isa = PBXFileReference; lastKnownFileType = sourcecode.swift; path = HomeVC.swift; sourceTree = "<group>"; };
		32FEDB6F22E5866800462E12 /* SettingVC.storyboard */ = {isa = PBXFileReference; lastKnownFileType = file.storyboard; path = SettingVC.storyboard; sourceTree = "<group>"; };
		32FEDB7122E5867C00462E12 /* SettingVC.swift */ = {isa = PBXFileReference; lastKnownFileType = sourcecode.swift; path = SettingVC.swift; sourceTree = "<group>"; };
		32FEDB7522E5A8CB00462E12 /* UIViewExtension.swift */ = {isa = PBXFileReference; lastKnownFileType = sourcecode.swift; path = UIViewExtension.swift; sourceTree = "<group>"; };
		32FEDB7822E6098500462E12 /* RoomCVCell.swift */ = {isa = PBXFileReference; lastKnownFileType = sourcecode.swift; path = RoomCVCell.swift; sourceTree = "<group>"; };
		32FEDB7922E6098500462E12 /* RoomCVCell.xib */ = {isa = PBXFileReference; lastKnownFileType = file.xib; path = RoomCVCell.xib; sourceTree = "<group>"; };
		32FEDB8022E7F2A900462E12 /* GoogleService-Info.plist */ = {isa = PBXFileReference; fileEncoding = 4; lastKnownFileType = text.plist.xml; name = "GoogleService-Info.plist"; path = "../../../../Downloads/GoogleService-Info.plist"; sourceTree = "<group>"; };
		3F91C88388EC55904BFD3806 /* Pods-SharedTaxiUITests.release.xcconfig */ = {isa = PBXFileReference; includeInIndex = 1; lastKnownFileType = text.xcconfig; name = "Pods-SharedTaxiUITests.release.xcconfig"; path = "Target Support Files/Pods-SharedTaxiUITests/Pods-SharedTaxiUITests.release.xcconfig"; sourceTree = "<group>"; };
		4810F93EDA4BE87F0C660611 /* Pods-SharedTaxiTests.debug.xcconfig */ = {isa = PBXFileReference; includeInIndex = 1; lastKnownFileType = text.xcconfig; name = "Pods-SharedTaxiTests.debug.xcconfig"; path = "Target Support Files/Pods-SharedTaxiTests/Pods-SharedTaxiTests.debug.xcconfig"; sourceTree = "<group>"; };
		71EDFEE4B83525E021A7E430 /* Pods-SharedTaxiTests.release.xcconfig */ = {isa = PBXFileReference; includeInIndex = 1; lastKnownFileType = text.xcconfig; name = "Pods-SharedTaxiTests.release.xcconfig"; path = "Target Support Files/Pods-SharedTaxiTests/Pods-SharedTaxiTests.release.xcconfig"; sourceTree = "<group>"; };
		7BE50B7B17CB8C3D43A8B313 /* Pods_SharedTaxi.framework */ = {isa = PBXFileReference; explicitFileType = wrapper.framework; includeInIndex = 0; path = Pods_SharedTaxi.framework; sourceTree = BUILT_PRODUCTS_DIR; };
		AF389198EC34F8891AC7CE73 /* Pods-SharedTaxi.release.xcconfig */ = {isa = PBXFileReference; includeInIndex = 1; lastKnownFileType = text.xcconfig; name = "Pods-SharedTaxi.release.xcconfig"; path = "Target Support Files/Pods-SharedTaxi/Pods-SharedTaxi.release.xcconfig"; sourceTree = "<group>"; };
		D9415009169E270505424FA3 /* Pods-SharedTaxi.debug.xcconfig */ = {isa = PBXFileReference; includeInIndex = 1; lastKnownFileType = text.xcconfig; name = "Pods-SharedTaxi.debug.xcconfig"; path = "Target Support Files/Pods-SharedTaxi/Pods-SharedTaxi.debug.xcconfig"; sourceTree = "<group>"; };
		F1EDFF5ACA19F9333F6708FE /* Pods_SharedTaxiUITests.framework */ = {isa = PBXFileReference; explicitFileType = wrapper.framework; includeInIndex = 0; path = Pods_SharedTaxiUITests.framework; sourceTree = BUILT_PRODUCTS_DIR; };
/* End PBXFileReference section */

/* Begin PBXFrameworksBuildPhase section */
		32FEDB3522E5833400462E12 /* Frameworks */ = {
			isa = PBXFrameworksBuildPhase;
			buildActionMask = 2147483647;
			files = (
				D9D973C717834F9B37BF0B42 /* Pods_SharedTaxi.framework in Frameworks */,
			);
			runOnlyForDeploymentPostprocessing = 0;
		};
		32FEDB4922E5833900462E12 /* Frameworks */ = {
			isa = PBXFrameworksBuildPhase;
			buildActionMask = 2147483647;
			files = (
				006D20AC590CBDDD502F7689 /* Pods_SharedTaxiTests.framework in Frameworks */,
			);
			runOnlyForDeploymentPostprocessing = 0;
		};
		32FEDB5422E5833900462E12 /* Frameworks */ = {
			isa = PBXFrameworksBuildPhase;
			buildActionMask = 2147483647;
			files = (
				77B66A6167291AE7B73C6F25 /* Pods_SharedTaxiUITests.framework in Frameworks */,
			);
			runOnlyForDeploymentPostprocessing = 0;
		};
/* End PBXFrameworksBuildPhase section */

/* Begin PBXGroup section */
		32FEDB2F22E5833400462E12 = {
			isa = PBXGroup;
			children = (
				32FEDB3A22E5833400462E12 /* SharedTaxi */,
				32FEDB4F22E5833900462E12 /* SharedTaxiTests */,
				32FEDB5A22E5833900462E12 /* SharedTaxiUITests */,
				32FEDB3922E5833400462E12 /* Products */,
				8537C9985616CC9660EFBD7D /* Pods */,
				3CC2E75CA75CCA89BBABE797 /* Frameworks */,
			);
			sourceTree = "<group>";
		};
		32FEDB3922E5833400462E12 /* Products */ = {
			isa = PBXGroup;
			children = (
				32FEDB3822E5833400462E12 /* SharedTaxi.app */,
				32FEDB4C22E5833900462E12 /* SharedTaxiTests.xctest */,
				32FEDB5722E5833900462E12 /* SharedTaxiUITests.xctest */,
			);
			name = Products;
			sourceTree = "<group>";
		};
		32FEDB3A22E5833400462E12 /* SharedTaxi */ = {
			isa = PBXGroup;
			children = (
				32FEDB3B22E5833400462E12 /* AppDelegate.swift */,
				32FEDB6C22E585C200462E12 /* viewController */,
				32FEDB6B22E585B700462E12 /* storyboards */,
				32FEDB7422E5A88C00462E12 /* extension */,
				32FEDB7722E6092600462E12 /* customCell */,
				32FEDB4422E5833800462E12 /* LaunchScreen.storyboard */,
				32FEDB4722E5833800462E12 /* Info.plist */,
				32FEDB8022E7F2A900462E12 /* GoogleService-Info.plist */,
				32FEDB4222E5833800462E12 /* Assets.xcassets */,
			);
			path = SharedTaxi;
			sourceTree = "<group>";
		};
		32FEDB4F22E5833900462E12 /* SharedTaxiTests */ = {
			isa = PBXGroup;
			children = (
				32FEDB5022E5833900462E12 /* SharedTaxiTests.swift */,
				32FEDB5222E5833900462E12 /* Info.plist */,
			);
			path = SharedTaxiTests;
			sourceTree = "<group>";
		};
		32FEDB5A22E5833900462E12 /* SharedTaxiUITests */ = {
			isa = PBXGroup;
			children = (
				32FEDB5B22E5833900462E12 /* SharedTaxiUITests.swift */,
				32FEDB5D22E5833900462E12 /* Info.plist */,
			);
			path = SharedTaxiUITests;
			sourceTree = "<group>";
		};
		32FEDB6B22E585B700462E12 /* storyboards */ = {
			isa = PBXGroup;
			children = (
				32FEDB3F22E5833400462E12 /* Main.storyboard */,
				32FEDB6922E585A800462E12 /* HomeVC.storyboard */,
				32FEDB6F22E5866800462E12 /* SettingVC.storyboard */,
			);
			path = storyboards;
			sourceTree = "<group>";
		};
		32FEDB6C22E585C200462E12 /* viewController */ = {
			isa = PBXGroup;
			children = (
				32FEDB3D22E5833400462E12 /* ViewController.swift */,
				32FEDB6D22E5860300462E12 /* HomeVC.swift */,
				32FEDB7122E5867C00462E12 /* SettingVC.swift */,
			);
			path = viewController;
			sourceTree = "<group>";
		};
		32FEDB7422E5A88C00462E12 /* extension */ = {
			isa = PBXGroup;
			children = (
				32FEDB7522E5A8CB00462E12 /* UIViewExtension.swift */,
			);
			path = extension;
			sourceTree = "<group>";
		};
		32FEDB7722E6092600462E12 /* customCell */ = {
			isa = PBXGroup;
			children = (
				32FEDB7822E6098500462E12 /* RoomCVCell.swift */,
				32FEDB7922E6098500462E12 /* RoomCVCell.xib */,
			);
			path = customCell;
			sourceTree = "<group>";
		};
		3CC2E75CA75CCA89BBABE797 /* Frameworks */ = {
			isa = PBXGroup;
			children = (
				7BE50B7B17CB8C3D43A8B313 /* Pods_SharedTaxi.framework */,
				042339C80C382AC241BA1823 /* Pods_SharedTaxiTests.framework */,
				F1EDFF5ACA19F9333F6708FE /* Pods_SharedTaxiUITests.framework */,
			);
			name = Frameworks;
			sourceTree = "<group>";
		};
		8537C9985616CC9660EFBD7D /* Pods */ = {
			isa = PBXGroup;
			children = (
				D9415009169E270505424FA3 /* Pods-SharedTaxi.debug.xcconfig */,
				AF389198EC34F8891AC7CE73 /* Pods-SharedTaxi.release.xcconfig */,
				4810F93EDA4BE87F0C660611 /* Pods-SharedTaxiTests.debug.xcconfig */,
				71EDFEE4B83525E021A7E430 /* Pods-SharedTaxiTests.release.xcconfig */,
				05706AA6E0A7D0D6C15F295D /* Pods-SharedTaxiUITests.debug.xcconfig */,
				3F91C88388EC55904BFD3806 /* Pods-SharedTaxiUITests.release.xcconfig */,
			);
			name = Pods;
			path = Pods;
			sourceTree = "<group>";
		};
/* End PBXGroup section */

/* Begin PBXNativeTarget section */
		32FEDB3722E5833400462E12 /* SharedTaxi */ = {
			isa = PBXNativeTarget;
			buildConfigurationList = 32FEDB6022E5833900462E12 /* Build configuration list for PBXNativeTarget "SharedTaxi" */;
			buildPhases = (
				9810C413A67A4E6327B0D1B7 /* [CP] Check Pods Manifest.lock */,
				32FEDB3422E5833400462E12 /* Sources */,
				32FEDB3522E5833400462E12 /* Frameworks */,
				32FEDB3622E5833400462E12 /* Resources */,
				6BE9977DD817CC3FE47069AA /* [CP] Embed Pods Frameworks */,
			);
			buildRules = (
			);
			dependencies = (
			);
			name = SharedTaxi;
			productName = SharedTaxi;
			productReference = 32FEDB3822E5833400462E12 /* SharedTaxi.app */;
			productType = "com.apple.product-type.application";
		};
		32FEDB4B22E5833900462E12 /* SharedTaxiTests */ = {
			isa = PBXNativeTarget;
			buildConfigurationList = 32FEDB6322E5833900462E12 /* Build configuration list for PBXNativeTarget "SharedTaxiTests" */;
			buildPhases = (
				5B55A24228D643A21117873C /* [CP] Check Pods Manifest.lock */,
				32FEDB4822E5833900462E12 /* Sources */,
				32FEDB4922E5833900462E12 /* Frameworks */,
				32FEDB4A22E5833900462E12 /* Resources */,
			);
			buildRules = (
			);
			dependencies = (
				32FEDB4E22E5833900462E12 /* PBXTargetDependency */,
			);
			name = SharedTaxiTests;
			productName = SharedTaxiTests;
			productReference = 32FEDB4C22E5833900462E12 /* SharedTaxiTests.xctest */;
			productType = "com.apple.product-type.bundle.unit-test";
		};
		32FEDB5622E5833900462E12 /* SharedTaxiUITests */ = {
			isa = PBXNativeTarget;
			buildConfigurationList = 32FEDB6622E5833900462E12 /* Build configuration list for PBXNativeTarget "SharedTaxiUITests" */;
			buildPhases = (
				CA018D2D9D89B6FFC6AB8730 /* [CP] Check Pods Manifest.lock */,
				32FEDB5322E5833900462E12 /* Sources */,
				32FEDB5422E5833900462E12 /* Frameworks */,
				32FEDB5522E5833900462E12 /* Resources */,
			);
			buildRules = (
			);
			dependencies = (
				32FEDB5922E5833900462E12 /* PBXTargetDependency */,
			);
			name = SharedTaxiUITests;
			productName = SharedTaxiUITests;
			productReference = 32FEDB5722E5833900462E12 /* SharedTaxiUITests.xctest */;
			productType = "com.apple.product-type.bundle.ui-testing";
		};
/* End PBXNativeTarget section */

/* Begin PBXProject section */
		32FEDB3022E5833400462E12 /* Project object */ = {
			isa = PBXProject;
			attributes = {
				LastSwiftUpdateCheck = 1020;
				LastUpgradeCheck = 1020;
				ORGANIZATIONNAME = "陸　前田";
				TargetAttributes = {
					32FEDB3722E5833400462E12 = {
						CreatedOnToolsVersion = 10.2.1;
					};
					32FEDB4B22E5833900462E12 = {
						CreatedOnToolsVersion = 10.2.1;
						TestTargetID = 32FEDB3722E5833400462E12;
					};
					32FEDB5622E5833900462E12 = {
						CreatedOnToolsVersion = 10.2.1;
						TestTargetID = 32FEDB3722E5833400462E12;
					};
				};
			};
			buildConfigurationList = 32FEDB3322E5833400462E12 /* Build configuration list for PBXProject "SharedTaxi" */;
			compatibilityVersion = "Xcode 9.3";
			developmentRegion = en;
			hasScannedForEncodings = 0;
			knownRegions = (
				en,
				Base,
			);
			mainGroup = 32FEDB2F22E5833400462E12;
			productRefGroup = 32FEDB3922E5833400462E12 /* Products */;
			projectDirPath = "";
			projectRoot = "";
			targets = (
				32FEDB3722E5833400462E12 /* SharedTaxi */,
				32FEDB4B22E5833900462E12 /* SharedTaxiTests */,
				32FEDB5622E5833900462E12 /* SharedTaxiUITests */,
			);
		};
/* End PBXProject section */

/* Begin PBXResourcesBuildPhase section */
		32FEDB3622E5833400462E12 /* Resources */ = {
			isa = PBXResourcesBuildPhase;
			buildActionMask = 2147483647;
			files = (
				32FEDB7022E5866800462E12 /* SettingVC.storyboard in Resources */,
				32FEDB4622E5833800462E12 /* LaunchScreen.storyboard in Resources */,
				32FEDB4322E5833800462E12 /* Assets.xcassets in Resources */,
				32FEDB7B22E6098500462E12 /* RoomCVCell.xib in Resources */,
				32FEDB6A22E585A800462E12 /* HomeVC.storyboard in Resources */,
				32FEDB4122E5833400462E12 /* Main.storyboard in Resources */,
				32FEDB8122E7F2AA00462E12 /* GoogleService-Info.plist in Resources */,
			);
			runOnlyForDeploymentPostprocessing = 0;
		};
		32FEDB4A22E5833900462E12 /* Resources */ = {
			isa = PBXResourcesBuildPhase;
			buildActionMask = 2147483647;
			files = (
			);
			runOnlyForDeploymentPostprocessing = 0;
		};
		32FEDB5522E5833900462E12 /* Resources */ = {
			isa = PBXResourcesBuildPhase;
			buildActionMask = 2147483647;
			files = (
			);
			runOnlyForDeploymentPostprocessing = 0;
		};
/* End PBXResourcesBuildPhase section */

/* Begin PBXShellScriptBuildPhase section */
		5B55A24228D643A21117873C /* [CP] Check Pods Manifest.lock */ = {
			isa = PBXShellScriptBuildPhase;
			buildActionMask = 2147483647;
			files = (
			);
			inputFileListPaths = (
			);
			inputPaths = (
				"${PODS_PODFILE_DIR_PATH}/Podfile.lock",
				"${PODS_ROOT}/Manifest.lock",
			);
			name = "[CP] Check Pods Manifest.lock";
			outputFileListPaths = (
			);
			outputPaths = (
				"$(DERIVED_FILE_DIR)/Pods-SharedTaxiTests-checkManifestLockResult.txt",
			);
			runOnlyForDeploymentPostprocessing = 0;
			shellPath = /bin/sh;
			shellScript = "diff \"${PODS_PODFILE_DIR_PATH}/Podfile.lock\" \"${PODS_ROOT}/Manifest.lock\" > /dev/null\nif [ $? != 0 ] ; then\n    # print error to STDERR\n    echo \"error: The sandbox is not in sync with the Podfile.lock. Run 'pod install' or update your CocoaPods installation.\" >&2\n    exit 1\nfi\n# This output is used by Xcode 'outputs' to avoid re-running this script phase.\necho \"SUCCESS\" > \"${SCRIPT_OUTPUT_FILE_0}\"\n";
			showEnvVarsInLog = 0;
		};
		6BE9977DD817CC3FE47069AA /* [CP] Embed Pods Frameworks */ = {
			isa = PBXShellScriptBuildPhase;
			buildActionMask = 2147483647;
			files = (
			);
			inputFileListPaths = (
				"${PODS_ROOT}/Target Support Files/Pods-SharedTaxi/Pods-SharedTaxi-frameworks-${CONFIGURATION}-input-files.xcfilelist",
			);
			name = "[CP] Embed Pods Frameworks";
			outputFileListPaths = (
				"${PODS_ROOT}/Target Support Files/Pods-SharedTaxi/Pods-SharedTaxi-frameworks-${CONFIGURATION}-output-files.xcfilelist",
			);
			runOnlyForDeploymentPostprocessing = 0;
			shellPath = /bin/sh;
			shellScript = "\"${PODS_ROOT}/Target Support Files/Pods-SharedTaxi/Pods-SharedTaxi-frameworks.sh\"\n";
			showEnvVarsInLog = 0;
		};
		9810C413A67A4E6327B0D1B7 /* [CP] Check Pods Manifest.lock */ = {
			isa = PBXShellScriptBuildPhase;
			buildActionMask = 2147483647;
			files = (
			);
			inputFileListPaths = (
			);
			inputPaths = (
				"${PODS_PODFILE_DIR_PATH}/Podfile.lock",
				"${PODS_ROOT}/Manifest.lock",
			);
			name = "[CP] Check Pods Manifest.lock";
			outputFileListPaths = (
			);
			outputPaths = (
				"$(DERIVED_FILE_DIR)/Pods-SharedTaxi-checkManifestLockResult.txt",
			);
			runOnlyForDeploymentPostprocessing = 0;
			shellPath = /bin/sh;
			shellScript = "diff \"${PODS_PODFILE_DIR_PATH}/Podfile.lock\" \"${PODS_ROOT}/Manifest.lock\" > /dev/null\nif [ $? != 0 ] ; then\n    # print error to STDERR\n    echo \"error: The sandbox is not in sync with the Podfile.lock. Run 'pod install' or update your CocoaPods installation.\" >&2\n    exit 1\nfi\n# This output is used by Xcode 'outputs' to avoid re-running this script phase.\necho \"SUCCESS\" > \"${SCRIPT_OUTPUT_FILE_0}\"\n";
			showEnvVarsInLog = 0;
		};
		CA018D2D9D89B6FFC6AB8730 /* [CP] Check Pods Manifest.lock */ = {
			isa = PBXShellScriptBuildPhase;
			buildActionMask = 2147483647;
			files = (
			);
			inputFileListPaths = (
			);
			inputPaths = (
				"${PODS_PODFILE_DIR_PATH}/Podfile.lock",
				"${PODS_ROOT}/Manifest.lock",
			);
			name = "[CP] Check Pods Manifest.lock";
			outputFileListPaths = (
			);
			outputPaths = (
				"$(DERIVED_FILE_DIR)/Pods-SharedTaxiUITests-checkManifestLockResult.txt",
			);
			runOnlyForDeploymentPostprocessing = 0;
			shellPath = /bin/sh;
			shellScript = "diff \"${PODS_PODFILE_DIR_PATH}/Podfile.lock\" \"${PODS_ROOT}/Manifest.lock\" > /dev/null\nif [ $? != 0 ] ; then\n    # print error to STDERR\n    echo \"error: The sandbox is not in sync with the Podfile.lock. Run 'pod install' or update your CocoaPods installation.\" >&2\n    exit 1\nfi\n# This output is used by Xcode 'outputs' to avoid re-running this script phase.\necho \"SUCCESS\" > \"${SCRIPT_OUTPUT_FILE_0}\"\n";
			showEnvVarsInLog = 0;
		};
/* End PBXShellScriptBuildPhase section */

/* Begin PBXSourcesBuildPhase section */
		32FEDB3422E5833400462E12 /* Sources */ = {
			isa = PBXSourcesBuildPhase;
			buildActionMask = 2147483647;
			files = (
				32FEDB7622E5A8CC00462E12 /* UIViewExtension.swift in Sources */,
				32FEDB6E22E5860300462E12 /* HomeVC.swift in Sources */,
				32FEDB7222E5867C00462E12 /* SettingVC.swift in Sources */,
				32FEDB7A22E6098500462E12 /* RoomCVCell.swift in Sources */,
				32FEDB3E22E5833400462E12 /* ViewController.swift in Sources */,
				32FEDB3C22E5833400462E12 /* AppDelegate.swift in Sources */,
			);
			runOnlyForDeploymentPostprocessing = 0;
		};
		32FEDB4822E5833900462E12 /* Sources */ = {
			isa = PBXSourcesBuildPhase;
			buildActionMask = 2147483647;
			files = (
				32FEDB5122E5833900462E12 /* SharedTaxiTests.swift in Sources */,
			);
			runOnlyForDeploymentPostprocessing = 0;
		};
		32FEDB5322E5833900462E12 /* Sources */ = {
			isa = PBXSourcesBuildPhase;
			buildActionMask = 2147483647;
			files = (
				32FEDB5C22E5833900462E12 /* SharedTaxiUITests.swift in Sources */,
			);
			runOnlyForDeploymentPostprocessing = 0;
		};
/* End PBXSourcesBuildPhase section */

/* Begin PBXTargetDependency section */
		32FEDB4E22E5833900462E12 /* PBXTargetDependency */ = {
			isa = PBXTargetDependency;
			target = 32FEDB3722E5833400462E12 /* SharedTaxi */;
			targetProxy = 32FEDB4D22E5833900462E12 /* PBXContainerItemProxy */;
		};
		32FEDB5922E5833900462E12 /* PBXTargetDependency */ = {
			isa = PBXTargetDependency;
			target = 32FEDB3722E5833400462E12 /* SharedTaxi */;
			targetProxy = 32FEDB5822E5833900462E12 /* PBXContainerItemProxy */;
		};
/* End PBXTargetDependency section */

/* Begin PBXVariantGroup section */
		32FEDB3F22E5833400462E12 /* Main.storyboard */ = {
			isa = PBXVariantGroup;
			children = (
				32FEDB4022E5833400462E12 /* Base */,
			);
			name = Main.storyboard;
			sourceTree = "<group>";
		};
		32FEDB4422E5833800462E12 /* LaunchScreen.storyboard */ = {
			isa = PBXVariantGroup;
			children = (
				32FEDB4522E5833800462E12 /* Base */,
			);
			name = LaunchScreen.storyboard;
			sourceTree = "<group>";
		};
/* End PBXVariantGroup section */

/* Begin XCBuildConfiguration section */
		32FEDB5E22E5833900462E12 /* Debug */ = {
			isa = XCBuildConfiguration;
			buildSettings = {
				ALWAYS_SEARCH_USER_PATHS = NO;
				CLANG_ANALYZER_NONNULL = YES;
				CLANG_ANALYZER_NUMBER_OBJECT_CONVERSION = YES_AGGRESSIVE;
				CLANG_CXX_LANGUAGE_STANDARD = "gnu++14";
				CLANG_CXX_LIBRARY = "libc++";
				CLANG_ENABLE_MODULES = YES;
				CLANG_ENABLE_OBJC_ARC = YES;
				CLANG_ENABLE_OBJC_WEAK = YES;
				CLANG_WARN_BLOCK_CAPTURE_AUTORELEASING = YES;
				CLANG_WARN_BOOL_CONVERSION = YES;
				CLANG_WARN_COMMA = YES;
				CLANG_WARN_CONSTANT_CONVERSION = YES;
				CLANG_WARN_DEPRECATED_OBJC_IMPLEMENTATIONS = YES;
				CLANG_WARN_DIRECT_OBJC_ISA_USAGE = YES_ERROR;
				CLANG_WARN_DOCUMENTATION_COMMENTS = YES;
				CLANG_WARN_EMPTY_BODY = YES;
				CLANG_WARN_ENUM_CONVERSION = YES;
				CLANG_WARN_INFINITE_RECURSION = YES;
				CLANG_WARN_INT_CONVERSION = YES;
				CLANG_WARN_NON_LITERAL_NULL_CONVERSION = YES;
				CLANG_WARN_OBJC_IMPLICIT_RETAIN_SELF = YES;
				CLANG_WARN_OBJC_LITERAL_CONVERSION = YES;
				CLANG_WARN_OBJC_ROOT_CLASS = YES_ERROR;
				CLANG_WARN_RANGE_LOOP_ANALYSIS = YES;
				CLANG_WARN_STRICT_PROTOTYPES = YES;
				CLANG_WARN_SUSPICIOUS_MOVE = YES;
				CLANG_WARN_UNGUARDED_AVAILABILITY = YES_AGGRESSIVE;
				CLANG_WARN_UNREACHABLE_CODE = YES;
				CLANG_WARN__DUPLICATE_METHOD_MATCH = YES;
				CODE_SIGN_IDENTITY = "iPhone Developer";
				COPY_PHASE_STRIP = NO;
				DEBUG_INFORMATION_FORMAT = dwarf;
				ENABLE_STRICT_OBJC_MSGSEND = YES;
				ENABLE_TESTABILITY = YES;
				GCC_C_LANGUAGE_STANDARD = gnu11;
				GCC_DYNAMIC_NO_PIC = NO;
				GCC_NO_COMMON_BLOCKS = YES;
				GCC_OPTIMIZATION_LEVEL = 0;
				GCC_PREPROCESSOR_DEFINITIONS = (
					"DEBUG=1",
					"$(inherited)",
				);
				GCC_WARN_64_TO_32_BIT_CONVERSION = YES;
				GCC_WARN_ABOUT_RETURN_TYPE = YES_ERROR;
				GCC_WARN_UNDECLARED_SELECTOR = YES;
				GCC_WARN_UNINITIALIZED_AUTOS = YES_AGGRESSIVE;
				GCC_WARN_UNUSED_FUNCTION = YES;
				GCC_WARN_UNUSED_VARIABLE = YES;
				IPHONEOS_DEPLOYMENT_TARGET = 12.2;
				MTL_ENABLE_DEBUG_INFO = INCLUDE_SOURCE;
				MTL_FAST_MATH = YES;
				ONLY_ACTIVE_ARCH = YES;
				SDKROOT = iphoneos;
				SWIFT_ACTIVE_COMPILATION_CONDITIONS = DEBUG;
				SWIFT_OPTIMIZATION_LEVEL = "-Onone";
			};
			name = Debug;
		};
		32FEDB5F22E5833900462E12 /* Release */ = {
			isa = XCBuildConfiguration;
			buildSettings = {
				ALWAYS_SEARCH_USER_PATHS = NO;
				CLANG_ANALYZER_NONNULL = YES;
				CLANG_ANALYZER_NUMBER_OBJECT_CONVERSION = YES_AGGRESSIVE;
				CLANG_CXX_LANGUAGE_STANDARD = "gnu++14";
				CLANG_CXX_LIBRARY = "libc++";
				CLANG_ENABLE_MODULES = YES;
				CLANG_ENABLE_OBJC_ARC = YES;
				CLANG_ENABLE_OBJC_WEAK = YES;
				CLANG_WARN_BLOCK_CAPTURE_AUTORELEASING = YES;
				CLANG_WARN_BOOL_CONVERSION = YES;
				CLANG_WARN_COMMA = YES;
				CLANG_WARN_CONSTANT_CONVERSION = YES;
				CLANG_WARN_DEPRECATED_OBJC_IMPLEMENTATIONS = YES;
				CLANG_WARN_DIRECT_OBJC_ISA_USAGE = YES_ERROR;
				CLANG_WARN_DOCUMENTATION_COMMENTS = YES;
				CLANG_WARN_EMPTY_BODY = YES;
				CLANG_WARN_ENUM_CONVERSION = YES;
				CLANG_WARN_INFINITE_RECURSION = YES;
				CLANG_WARN_INT_CONVERSION = YES;
				CLANG_WARN_NON_LITERAL_NULL_CONVERSION = YES;
				CLANG_WARN_OBJC_IMPLICIT_RETAIN_SELF = YES;
				CLANG_WARN_OBJC_LITERAL_CONVERSION = YES;
				CLANG_WARN_OBJC_ROOT_CLASS = YES_ERROR;
				CLANG_WARN_RANGE_LOOP_ANALYSIS = YES;
				CLANG_WARN_STRICT_PROTOTYPES = YES;
				CLANG_WARN_SUSPICIOUS_MOVE = YES;
				CLANG_WARN_UNGUARDED_AVAILABILITY = YES_AGGRESSIVE;
				CLANG_WARN_UNREACHABLE_CODE = YES;
				CLANG_WARN__DUPLICATE_METHOD_MATCH = YES;
				CODE_SIGN_IDENTITY = "iPhone Developer";
				COPY_PHASE_STRIP = NO;
				DEBUG_INFORMATION_FORMAT = "dwarf-with-dsym";
				ENABLE_NS_ASSERTIONS = NO;
				ENABLE_STRICT_OBJC_MSGSEND = YES;
				GCC_C_LANGUAGE_STANDARD = gnu11;
				GCC_NO_COMMON_BLOCKS = YES;
				GCC_WARN_64_TO_32_BIT_CONVERSION = YES;
				GCC_WARN_ABOUT_RETURN_TYPE = YES_ERROR;
				GCC_WARN_UNDECLARED_SELECTOR = YES;
				GCC_WARN_UNINITIALIZED_AUTOS = YES_AGGRESSIVE;
				GCC_WARN_UNUSED_FUNCTION = YES;
				GCC_WARN_UNUSED_VARIABLE = YES;
				IPHONEOS_DEPLOYMENT_TARGET = 12.2;
				MTL_ENABLE_DEBUG_INFO = NO;
				MTL_FAST_MATH = YES;
				SDKROOT = iphoneos;
				SWIFT_COMPILATION_MODE = wholemodule;
				SWIFT_OPTIMIZATION_LEVEL = "-O";
				VALIDATE_PRODUCT = YES;
			};
			name = Release;
		};
		32FEDB6122E5833900462E12 /* Debug */ = {
			isa = XCBuildConfiguration;
			baseConfigurationReference = D9415009169E270505424FA3 /* Pods-SharedTaxi.debug.xcconfig */;
			buildSettings = {
				ASSETCATALOG_COMPILER_APPICON_NAME = AppIcon;
				CODE_SIGN_STYLE = Automatic;
				DEVELOPMENT_TEAM = 3FVAM472SV;
				INFOPLIST_FILE = SharedTaxi/Info.plist;
				LD_RUNPATH_SEARCH_PATHS = (
					"$(inherited)",
					"@executable_path/Frameworks",
				);
				PRODUCT_BUNDLE_IDENTIFIER = org.lb8.SharedTaxi;
				PRODUCT_NAME = "$(TARGET_NAME)";
				SWIFT_VERSION = 5.0;
				TARGETED_DEVICE_FAMILY = "1,2";
			};
			name = Debug;
		};
		32FEDB6222E5833900462E12 /* Release */ = {
			isa = XCBuildConfiguration;
			baseConfigurationReference = AF389198EC34F8891AC7CE73 /* Pods-SharedTaxi.release.xcconfig */;
			buildSettings = {
				ASSETCATALOG_COMPILER_APPICON_NAME = AppIcon;
				CODE_SIGN_STYLE = Automatic;
				DEVELOPMENT_TEAM = 3FVAM472SV;
				INFOPLIST_FILE = SharedTaxi/Info.plist;
				LD_RUNPATH_SEARCH_PATHS = (
					"$(inherited)",
					"@executable_path/Frameworks",
				);
				PRODUCT_BUNDLE_IDENTIFIER = org.lb8.SharedTaxi;
				PRODUCT_NAME = "$(TARGET_NAME)";
				SWIFT_VERSION = 5.0;
				TARGETED_DEVICE_FAMILY = "1,2";
			};
			name = Release;
		};
		32FEDB6422E5833900462E12 /* Debug */ = {
			isa = XCBuildConfiguration;
			baseConfigurationReference = 4810F93EDA4BE87F0C660611 /* Pods-SharedTaxiTests.debug.xcconfig */;
			buildSettings = {
				ALWAYS_EMBED_SWIFT_STANDARD_LIBRARIES = YES;
				BUNDLE_LOADER = "$(TEST_HOST)";
				CODE_SIGN_STYLE = Automatic;
				DEVELOPMENT_TEAM = 3FVAM472SV;
				INFOPLIST_FILE = SharedTaxiTests/Info.plist;
				LD_RUNPATH_SEARCH_PATHS = (
					"$(inherited)",
					"@executable_path/Frameworks",
					"@loader_path/Frameworks",
				);
				PRODUCT_BUNDLE_IDENTIFIER = org.lb8.SharedTaxiTests;
				PRODUCT_NAME = "$(TARGET_NAME)";
				SWIFT_VERSION = 5.0;
				TARGETED_DEVICE_FAMILY = "1,2";
				TEST_HOST = "$(BUILT_PRODUCTS_DIR)/SharedTaxi.app/SharedTaxi";
			};
			name = Debug;
		};
		32FEDB6522E5833900462E12 /* Release */ = {
			isa = XCBuildConfiguration;
			baseConfigurationReference = 71EDFEE4B83525E021A7E430 /* Pods-SharedTaxiTests.release.xcconfig */;
			buildSettings = {
				ALWAYS_EMBED_SWIFT_STANDARD_LIBRARIES = YES;
				BUNDLE_LOADER = "$(TEST_HOST)";
				CODE_SIGN_STYLE = Automatic;
				DEVELOPMENT_TEAM = 3FVAM472SV;
				INFOPLIST_FILE = SharedTaxiTests/Info.plist;
				LD_RUNPATH_SEARCH_PATHS = (
					"$(inherited)",
					"@executable_path/Frameworks",
					"@loader_path/Frameworks",
				);
				PRODUCT_BUNDLE_IDENTIFIER = org.lb8.SharedTaxiTests;
				PRODUCT_NAME = "$(TARGET_NAME)";
				SWIFT_VERSION = 5.0;
				TARGETED_DEVICE_FAMILY = "1,2";
				TEST_HOST = "$(BUILT_PRODUCTS_DIR)/SharedTaxi.app/SharedTaxi";
			};
			name = Release;
		};
		32FEDB6722E5833900462E12 /* Debug */ = {
			isa = XCBuildConfiguration;
			baseConfigurationReference = 05706AA6E0A7D0D6C15F295D /* Pods-SharedTaxiUITests.debug.xcconfig */;
			buildSettings = {
				ALWAYS_EMBED_SWIFT_STANDARD_LIBRARIES = YES;
				CODE_SIGN_STYLE = Automatic;
				DEVELOPMENT_TEAM = 3FVAM472SV;
				INFOPLIST_FILE = SharedTaxiUITests/Info.plist;
				LD_RUNPATH_SEARCH_PATHS = (
					"$(inherited)",
					"@executable_path/Frameworks",
					"@loader_path/Frameworks",
				);
				PRODUCT_BUNDLE_IDENTIFIER = org.lb8.SharedTaxiUITests;
				PRODUCT_NAME = "$(TARGET_NAME)";
				SWIFT_VERSION = 5.0;
				TARGETED_DEVICE_FAMILY = "1,2";
				TEST_TARGET_NAME = SharedTaxi;
			};
			name = Debug;
		};
		32FEDB6822E5833900462E12 /* Release */ = {
			isa = XCBuildConfiguration;
			baseConfigurationReference = 3F91C88388EC55904BFD3806 /* Pods-SharedTaxiUITests.release.xcconfig */;
			buildSettings = {
				ALWAYS_EMBED_SWIFT_STANDARD_LIBRARIES = YES;
				CODE_SIGN_STYLE = Automatic;
				DEVELOPMENT_TEAM = 3FVAM472SV;
				INFOPLIST_FILE = SharedTaxiUITests/Info.plist;
				LD_RUNPATH_SEARCH_PATHS = (
					"$(inherited)",
					"@executable_path/Frameworks",
					"@loader_path/Frameworks",
				);
				PRODUCT_BUNDLE_IDENTIFIER = org.lb8.SharedTaxiUITests;
				PRODUCT_NAME = "$(TARGET_NAME)";
				SWIFT_VERSION = 5.0;
				TARGETED_DEVICE_FAMILY = "1,2";
				TEST_TARGET_NAME = SharedTaxi;
			};
			name = Release;
		};
/* End XCBuildConfiguration section */

/* Begin XCConfigurationList section */
		32FEDB3322E5833400462E12 /* Build configuration list for PBXProject "SharedTaxi" */ = {
			isa = XCConfigurationList;
			buildConfigurations = (
				32FEDB5E22E5833900462E12 /* Debug */,
				32FEDB5F22E5833900462E12 /* Release */,
			);
			defaultConfigurationIsVisible = 0;
			defaultConfigurationName = Release;
		};
		32FEDB6022E5833900462E12 /* Build configuration list for PBXNativeTarget "SharedTaxi" */ = {
			isa = XCConfigurationList;
			buildConfigurations = (
				32FEDB6122E5833900462E12 /* Debug */,
				32FEDB6222E5833900462E12 /* Release */,
			);
			defaultConfigurationIsVisible = 0;
			defaultConfigurationName = Release;
		};
		32FEDB6322E5833900462E12 /* Build configuration list for PBXNativeTarget "SharedTaxiTests" */ = {
			isa = XCConfigurationList;
			buildConfigurations = (
				32FEDB6422E5833900462E12 /* Debug */,
				32FEDB6522E5833900462E12 /* Release */,
			);
			defaultConfigurationIsVisible = 0;
			defaultConfigurationName = Release;
		};
		32FEDB6622E5833900462E12 /* Build configuration list for PBXNativeTarget "SharedTaxiUITests" */ = {
			isa = XCConfigurationList;
			buildConfigurations = (
				32FEDB6722E5833900462E12 /* Debug */,
				32FEDB6822E5833900462E12 /* Release */,
			);
			defaultConfigurationIsVisible = 0;
			defaultConfigurationName = Release;
		};
/* End XCConfigurationList section */
	};
	rootObject = 32FEDB3022E5833400462E12 /* Project object */;
}
